{
    "version": 3,
    "terraform_version": "0.11.2",
    "serial": 29,
    "lineage": "bfac1369-8758-4ea4-9a45-825bbf8da502",
    "modules": [
        {
            "path": [
                "root"
            ],
            "outputs": {
                "module_path": {
                    "sensitive": false,
                    "type": "string",
                    "value": "H:\\Repository\\HashiCorp\\tfte"
                },
                "private_ip": {
                    "sensitive": false,
                    "type": "string",
                    "value": "10.0.1.6"
                },
                "public_ip": {
                    "sensitive": false,
                    "type": "list",
                    "value": [
                        "/subscriptions/349de0f4-29e2-48fe-9cc7-80313a827e26/resourceGroups/RG-HashiCorp-AE/providers/Microsoft.Network/publicIPAddresses/CONSULVM0-PIP",
                        "/subscriptions/349de0f4-29e2-48fe-9cc7-80313a827e26/resourceGroups/RG-HashiCorp-AE/providers/Microsoft.Network/publicIPAddresses/CONSULVM1-PIP",
                        "/subscriptions/349de0f4-29e2-48fe-9cc7-80313a827e26/resourceGroups/RG-HashiCorp-AE/providers/Microsoft.Network/publicIPAddresses/CONSULVM2-PIP"
                    ]
                }
            },
            "resources": {
                "azurerm_availability_set.armav": {
                    "type": "azurerm_availability_set",
                    "depends_on": [
                        "azurerm_resource_group.armrg"
                    ],
                    "primary": {
                        "id": "/subscriptions/349de0f4-29e2-48fe-9cc7-80313a827e26/resourceGroups/RG-HashiCorp-AE/providers/Microsoft.Compute/availabilitySets/CONSULVM-AV",
                        "attributes": {
                            "id": "/subscriptions/349de0f4-29e2-48fe-9cc7-80313a827e26/resourceGroups/RG-HashiCorp-AE/providers/Microsoft.Compute/availabilitySets/CONSULVM-AV",
                            "location": "australiaeast",
                            "managed": "true",
                            "name": "CONSULVM-AV",
                            "platform_fault_domain_count": "2",
                            "platform_update_domain_count": "2",
                            "resource_group_name": "RG-HashiCorp-AE",
                            "tags.%": "1",
                            "tags.environment": "Production"
                        },
                        "meta": {},
                        "tainted": false
                    },
                    "deposed": [],
                    "provider": "provider.azurerm"
                },
                "azurerm_network_interface.armnic.0": {
                    "type": "azurerm_network_interface",
                    "depends_on": [
                        "azurerm_network_security_group.armnsg",
                        "azurerm_public_ip.armpip.*",
                        "azurerm_resource_group.armrg",
                        "azurerm_subnet.armsubnet"
                    ],
                    "primary": {
                        "id": "/subscriptions/349de0f4-29e2-48fe-9cc7-80313a827e26/resourceGroups/RG-HashiCorp-AE/providers/Microsoft.Network/networkInterfaces/CONSULVM0-NIC",
                        "attributes": {
                            "applied_dns_servers.#": "0",
                            "dns_servers.#": "0",
                            "enable_ip_forwarding": "false",
                            "id": "/subscriptions/349de0f4-29e2-48fe-9cc7-80313a827e26/resourceGroups/RG-HashiCorp-AE/providers/Microsoft.Network/networkInterfaces/CONSULVM0-NIC",
                            "internal_dns_name_label": "",
                            "ip_configuration.#": "1",
                            "ip_configuration.0.load_balancer_backend_address_pools_ids.#": "0",
                            "ip_configuration.0.load_balancer_inbound_nat_rules_ids.#": "0",
                            "ip_configuration.0.name": "ipconfig",
                            "ip_configuration.0.primary": "true",
                            "ip_configuration.0.private_ip_address": "",
                            "ip_configuration.0.private_ip_address_allocation": "dynamic",
                            "ip_configuration.0.public_ip_address_id": "/subscriptions/349de0f4-29e2-48fe-9cc7-80313a827e26/resourceGroups/RG-HashiCorp-AE/providers/Microsoft.Network/publicIPAddresses/CONSULVM0-PIP",
                            "ip_configuration.0.subnet_id": "/subscriptions/349de0f4-29e2-48fe-9cc7-80313a827e26/resourceGroups/RG-HashiCorp-AE/providers/Microsoft.Network/virtualNetworks/Production-vNet/subnets/Default",
                            "location": "australiaeast",
                            "mac_address": "00-0D-3A-D1-CE-78",
                            "name": "CONSULVM0-NIC",
                            "network_security_group_id": "/subscriptions/349de0f4-29e2-48fe-9cc7-80313a827e26/resourceGroups/RG-HashiCorp-AE/providers/Microsoft.Network/networkSecurityGroups/Subnet-NSG",
                            "private_ip_address": "10.0.1.6",
                            "private_ip_addresses.#": "1",
                            "private_ip_addresses.0": "10.0.1.6",
                            "resource_group_name": "RG-HashiCorp-AE",
                            "tags.%": "1",
                            "tags.environment": "Production",
                            "virtual_machine_id": "/subscriptions/349de0f4-29e2-48fe-9cc7-80313a827e26/resourceGroups/RG-HashiCorp-AE/providers/Microsoft.Compute/virtualMachines/CONSULVM0"
                        },
                        "meta": {},
                        "tainted": false
                    },
                    "deposed": [],
                    "provider": "provider.azurerm"
                },
                "azurerm_network_interface.armnic.1": {
                    "type": "azurerm_network_interface",
                    "depends_on": [
                        "azurerm_network_security_group.armnsg",
                        "azurerm_public_ip.armpip.*",
                        "azurerm_resource_group.armrg",
                        "azurerm_subnet.armsubnet"
                    ],
                    "primary": {
                        "id": "/subscriptions/349de0f4-29e2-48fe-9cc7-80313a827e26/resourceGroups/RG-HashiCorp-AE/providers/Microsoft.Network/networkInterfaces/CONSULVM1-NIC",
                        "attributes": {
                            "applied_dns_servers.#": "0",
                            "dns_servers.#": "0",
                            "enable_ip_forwarding": "false",
                            "id": "/subscriptions/349de0f4-29e2-48fe-9cc7-80313a827e26/resourceGroups/RG-HashiCorp-AE/providers/Microsoft.Network/networkInterfaces/CONSULVM1-NIC",
                            "internal_dns_name_label": "",
                            "ip_configuration.#": "1",
                            "ip_configuration.0.load_balancer_backend_address_pools_ids.#": "0",
                            "ip_configuration.0.load_balancer_inbound_nat_rules_ids.#": "0",
                            "ip_configuration.0.name": "ipconfig",
                            "ip_configuration.0.primary": "true",
                            "ip_configuration.0.private_ip_address": "",
                            "ip_configuration.0.private_ip_address_allocation": "dynamic",
                            "ip_configuration.0.public_ip_address_id": "/subscriptions/349de0f4-29e2-48fe-9cc7-80313a827e26/resourceGroups/RG-HashiCorp-AE/providers/Microsoft.Network/publicIPAddresses/CONSULVM1-PIP",
                            "ip_configuration.0.subnet_id": "/subscriptions/349de0f4-29e2-48fe-9cc7-80313a827e26/resourceGroups/RG-HashiCorp-AE/providers/Microsoft.Network/virtualNetworks/Production-vNet/subnets/Default",
                            "location": "australiaeast",
                            "mac_address": "00-0D-3A-D1-F2-D7",
                            "name": "CONSULVM1-NIC",
                            "network_security_group_id": "/subscriptions/349de0f4-29e2-48fe-9cc7-80313a827e26/resourceGroups/RG-HashiCorp-AE/providers/Microsoft.Network/networkSecurityGroups/Subnet-NSG",
                            "private_ip_address": "10.0.1.4",
                            "private_ip_addresses.#": "1",
                            "private_ip_addresses.0": "10.0.1.4",
                            "resource_group_name": "RG-HashiCorp-AE",
                            "tags.%": "1",
                            "tags.environment": "Production",
                            "virtual_machine_id": "/subscriptions/349de0f4-29e2-48fe-9cc7-80313a827e26/resourceGroups/RG-HashiCorp-AE/providers/Microsoft.Compute/virtualMachines/CONSULVM1"
                        },
                        "meta": {},
                        "tainted": false
                    },
                    "deposed": [],
                    "provider": "provider.azurerm"
                },
                "azurerm_network_interface.armnic.2": {
                    "type": "azurerm_network_interface",
                    "depends_on": [
                        "azurerm_network_security_group.armnsg",
                        "azurerm_public_ip.armpip.*",
                        "azurerm_resource_group.armrg",
                        "azurerm_subnet.armsubnet"
                    ],
                    "primary": {
                        "id": "/subscriptions/349de0f4-29e2-48fe-9cc7-80313a827e26/resourceGroups/RG-HashiCorp-AE/providers/Microsoft.Network/networkInterfaces/CONSULVM2-NIC",
                        "attributes": {
                            "applied_dns_servers.#": "0",
                            "dns_servers.#": "0",
                            "enable_ip_forwarding": "false",
                            "id": "/subscriptions/349de0f4-29e2-48fe-9cc7-80313a827e26/resourceGroups/RG-HashiCorp-AE/providers/Microsoft.Network/networkInterfaces/CONSULVM2-NIC",
                            "internal_dns_name_label": "",
                            "ip_configuration.#": "1",
                            "ip_configuration.0.load_balancer_backend_address_pools_ids.#": "0",
                            "ip_configuration.0.load_balancer_inbound_nat_rules_ids.#": "0",
                            "ip_configuration.0.name": "ipconfig",
                            "ip_configuration.0.primary": "true",
                            "ip_configuration.0.private_ip_address": "",
                            "ip_configuration.0.private_ip_address_allocation": "dynamic",
                            "ip_configuration.0.public_ip_address_id": "/subscriptions/349de0f4-29e2-48fe-9cc7-80313a827e26/resourceGroups/RG-HashiCorp-AE/providers/Microsoft.Network/publicIPAddresses/CONSULVM2-PIP",
                            "ip_configuration.0.subnet_id": "/subscriptions/349de0f4-29e2-48fe-9cc7-80313a827e26/resourceGroups/RG-HashiCorp-AE/providers/Microsoft.Network/virtualNetworks/Production-vNet/subnets/Default",
                            "location": "australiaeast",
                            "mac_address": "00-0D-3A-D1-FA-42",
                            "name": "CONSULVM2-NIC",
                            "network_security_group_id": "/subscriptions/349de0f4-29e2-48fe-9cc7-80313a827e26/resourceGroups/RG-HashiCorp-AE/providers/Microsoft.Network/networkSecurityGroups/Subnet-NSG",
                            "private_ip_address": "10.0.1.5",
                            "private_ip_addresses.#": "1",
                            "private_ip_addresses.0": "10.0.1.5",
                            "resource_group_name": "RG-HashiCorp-AE",
                            "tags.%": "1",
                            "tags.environment": "Production",
                            "virtual_machine_id": "/subscriptions/349de0f4-29e2-48fe-9cc7-80313a827e26/resourceGroups/RG-HashiCorp-AE/providers/Microsoft.Compute/virtualMachines/CONSULVM2"
                        },
                        "meta": {},
                        "tainted": false
                    },
                    "deposed": [],
                    "provider": "provider.azurerm"
                },
                "azurerm_network_security_group.armnsg": {
                    "type": "azurerm_network_security_group",
                    "depends_on": [
                        "azurerm_resource_group.armrg"
                    ],
                    "primary": {
                        "id": "/subscriptions/349de0f4-29e2-48fe-9cc7-80313a827e26/resourceGroups/RG-HashiCorp-AE/providers/Microsoft.Network/networkSecurityGroups/Subnet-NSG",
                        "attributes": {
                            "id": "/subscriptions/349de0f4-29e2-48fe-9cc7-80313a827e26/resourceGroups/RG-HashiCorp-AE/providers/Microsoft.Network/networkSecurityGroups/Subnet-NSG",
                            "location": "australiaeast",
                            "name": "Subnet-NSG",
                            "resource_group_name": "RG-HashiCorp-AE",
                            "security_rule.#": "1",
                            "security_rule.0.access": "Allow",
                            "security_rule.0.description": "",
                            "security_rule.0.destination_address_prefix": "*",
                            "security_rule.0.destination_port_range": "22",
                            "security_rule.0.direction": "Inbound",
                            "security_rule.0.name": "SSH",
                            "security_rule.0.priority": "1001",
                            "security_rule.0.protocol": "Tcp",
                            "security_rule.0.source_address_prefix": "*",
                            "security_rule.0.source_port_range": "*",
                            "tags.%": "1",
                            "tags.environment": "Production"
                        },
                        "meta": {},
                        "tainted": false
                    },
                    "deposed": [],
                    "provider": "provider.azurerm"
                },
                "azurerm_public_ip.armpip.0": {
                    "type": "azurerm_public_ip",
                    "depends_on": [
                        "azurerm_resource_group.armrg"
                    ],
                    "primary": {
                        "id": "/subscriptions/349de0f4-29e2-48fe-9cc7-80313a827e26/resourceGroups/RG-HashiCorp-AE/providers/Microsoft.Network/publicIPAddresses/CONSULVM0-PIP",
                        "attributes": {
                            "id": "/subscriptions/349de0f4-29e2-48fe-9cc7-80313a827e26/resourceGroups/RG-HashiCorp-AE/providers/Microsoft.Network/publicIPAddresses/CONSULVM0-PIP",
                            "ip_address": "52.237.255.234",
                            "location": "australiaeast",
                            "name": "CONSULVM0-PIP",
                            "public_ip_address_allocation": "dynamic",
                            "resource_group_name": "RG-HashiCorp-AE",
                            "tags.%": "1",
                            "tags.environment": "Production"
                        },
                        "meta": {},
                        "tainted": false
                    },
                    "deposed": [],
                    "provider": "provider.azurerm"
                },
                "azurerm_public_ip.armpip.1": {
                    "type": "azurerm_public_ip",
                    "depends_on": [
                        "azurerm_resource_group.armrg"
                    ],
                    "primary": {
                        "id": "/subscriptions/349de0f4-29e2-48fe-9cc7-80313a827e26/resourceGroups/RG-HashiCorp-AE/providers/Microsoft.Network/publicIPAddresses/CONSULVM1-PIP",
                        "attributes": {
                            "id": "/subscriptions/349de0f4-29e2-48fe-9cc7-80313a827e26/resourceGroups/RG-HashiCorp-AE/providers/Microsoft.Network/publicIPAddresses/CONSULVM1-PIP",
                            "ip_address": "52.237.250.40",
                            "location": "australiaeast",
                            "name": "CONSULVM1-PIP",
                            "public_ip_address_allocation": "dynamic",
                            "resource_group_name": "RG-HashiCorp-AE",
                            "tags.%": "1",
                            "tags.environment": "Production"
                        },
                        "meta": {},
                        "tainted": false
                    },
                    "deposed": [],
                    "provider": "provider.azurerm"
                },
                "azurerm_public_ip.armpip.2": {
                    "type": "azurerm_public_ip",
                    "depends_on": [
                        "azurerm_resource_group.armrg"
                    ],
                    "primary": {
                        "id": "/subscriptions/349de0f4-29e2-48fe-9cc7-80313a827e26/resourceGroups/RG-HashiCorp-AE/providers/Microsoft.Network/publicIPAddresses/CONSULVM2-PIP",
                        "attributes": {
                            "id": "/subscriptions/349de0f4-29e2-48fe-9cc7-80313a827e26/resourceGroups/RG-HashiCorp-AE/providers/Microsoft.Network/publicIPAddresses/CONSULVM2-PIP",
                            "ip_address": "52.237.250.234",
                            "location": "australiaeast",
                            "name": "CONSULVM2-PIP",
                            "public_ip_address_allocation": "dynamic",
                            "resource_group_name": "RG-HashiCorp-AE",
                            "tags.%": "1",
                            "tags.environment": "Production"
                        },
                        "meta": {},
                        "tainted": false
                    },
                    "deposed": [],
                    "provider": "provider.azurerm"
                },
                "azurerm_resource_group.armrg": {
                    "type": "azurerm_resource_group",
                    "depends_on": [],
                    "primary": {
                        "id": "/subscriptions/349de0f4-29e2-48fe-9cc7-80313a827e26/resourceGroups/RG-HashiCorp-AE",
                        "attributes": {
                            "id": "/subscriptions/349de0f4-29e2-48fe-9cc7-80313a827e26/resourceGroups/RG-HashiCorp-AE",
                            "location": "australiaeast",
                            "name": "RG-HashiCorp-AE",
                            "tags.%": "1",
                            "tags.environment": "Production"
                        },
                        "meta": {},
                        "tainted": false
                    },
                    "deposed": [],
                    "provider": "provider.azurerm"
                },
                "azurerm_storage_account.armdiag": {
                    "type": "azurerm_storage_account",
                    "depends_on": [
                        "azurerm_resource_group.armrg"
                    ],
                    "primary": {
                        "id": "/subscriptions/349de0f4-29e2-48fe-9cc7-80313a827e26/resourceGroups/RG-HashiCorp-AE/providers/Microsoft.Storage/storageAccounts/tacaeconsoldiage001",
                        "attributes": {
                            "access_tier": "",
                            "account_encryption_source": "Microsoft.Storage",
                            "account_kind": "Storage",
                            "account_replication_type": "LRS",
                            "account_tier": "Standard",
                            "account_type": "Standard_LRS",
                            "enable_blob_encryption": "true",
                            "enable_file_encryption": "true",
                            "enable_https_traffic_only": "false",
                            "id": "/subscriptions/349de0f4-29e2-48fe-9cc7-80313a827e26/resourceGroups/RG-HashiCorp-AE/providers/Microsoft.Storage/storageAccounts/tacaeconsoldiage001",
                            "location": "australiaeast",
                            "name": "tacaeconsoldiage001",
                            "primary_access_key": "aMpeHEeMpuAfh7d1VVdtzMePSDX3yk9Q4LVSPdsxGhr4DeiS85VahbBUAsNaicykjyi633cnAY5UtDTJE3U7cA==",
                            "primary_blob_connection_string": "DefaultEndpointsProtocol=https;BlobEndpoint=https://tacaeconsoldiage001.blob.core.windows.net/;AccountName=tacaeconsoldiage001;AccountKey=aMpeHEeMpuAfh7d1VVdtzMePSDX3yk9Q4LVSPdsxGhr4DeiS85VahbBUAsNaicykjyi633cnAY5UtDTJE3U7cA==",
                            "primary_blob_endpoint": "https://tacaeconsoldiage001.blob.core.windows.net/",
                            "primary_file_endpoint": "https://tacaeconsoldiage001.file.core.windows.net/",
                            "primary_location": "australiaeast",
                            "primary_queue_endpoint": "https://tacaeconsoldiage001.queue.core.windows.net/",
                            "primary_table_endpoint": "https://tacaeconsoldiage001.table.core.windows.net/",
                            "resource_group_name": "RG-HashiCorp-AE",
                            "secondary_access_key": "TigluEdL1AGRCkB9EOMQbx0wEBoK/4bqyyqUFcY2wx+vzmIyVD2WLPkXO/a2gtb7r8212Cs4TdG0KkzHhmTojQ==",
                            "secondary_location": "",
                            "tags.%": "1",
                            "tags.environment": "Production"
                        },
                        "meta": {
                            "schema_version": "2"
                        },
                        "tainted": false
                    },
                    "deposed": [],
                    "provider": "provider.azurerm"
                },
                "azurerm_subnet.armsubnet": {
                    "type": "azurerm_subnet",
                    "depends_on": [
                        "azurerm_resource_group.armrg",
                        "azurerm_virtual_network.armnetwork"
                    ],
                    "primary": {
                        "id": "/subscriptions/349de0f4-29e2-48fe-9cc7-80313a827e26/resourceGroups/RG-HashiCorp-AE/providers/Microsoft.Network/virtualNetworks/Production-vNet/subnets/Default",
                        "attributes": {
                            "address_prefix": "10.0.1.0/24",
                            "id": "/subscriptions/349de0f4-29e2-48fe-9cc7-80313a827e26/resourceGroups/RG-HashiCorp-AE/providers/Microsoft.Network/virtualNetworks/Production-vNet/subnets/Default",
                            "ip_configurations.#": "3",
                            "ip_configurations.1631748783": "/subscriptions/349de0f4-29e2-48fe-9cc7-80313a827e26/resourceGroups/RG-HashiCorp-AE/providers/Microsoft.Network/networkInterfaces/CONSULVM2-NIC/ipConfigurations/ipconfig",
                            "ip_configurations.1919597532": "/subscriptions/349de0f4-29e2-48fe-9cc7-80313a827e26/resourceGroups/RG-HashiCorp-AE/providers/Microsoft.Network/networkInterfaces/CONSULVM1-NIC/ipConfigurations/ipconfig",
                            "ip_configurations.2089636621": "/subscriptions/349de0f4-29e2-48fe-9cc7-80313a827e26/resourceGroups/RG-HashiCorp-AE/providers/Microsoft.Network/networkInterfaces/CONSULVM0-NIC/ipConfigurations/ipconfig",
                            "name": "Default",
                            "resource_group_name": "RG-HashiCorp-AE",
                            "virtual_network_name": "Production-vNet"
                        },
                        "meta": {},
                        "tainted": false
                    },
                    "deposed": [],
                    "provider": "provider.azurerm"
                },
                "azurerm_virtual_machine.armvm.0": {
                    "type": "azurerm_virtual_machine",
                    "depends_on": [
                        "azurerm_availability_set.armav",
                        "azurerm_network_interface.armnic.*",
                        "azurerm_resource_group.armrg",
                        "azurerm_storage_account.armdiag"
                    ],
                    "primary": {
                        "id": "/subscriptions/349de0f4-29e2-48fe-9cc7-80313a827e26/resourceGroups/RG-HashiCorp-AE/providers/Microsoft.Compute/virtualMachines/CONSULVM0",
                        "attributes": {
                            "availability_set_id": "/subscriptions/349de0f4-29e2-48fe-9cc7-80313a827e26/resourcegroups/rg-hashicorp-ae/providers/microsoft.compute/availabilitysets/consulvm-av",
                            "boot_diagnostics.#": "1",
                            "boot_diagnostics.0.enabled": "true",
                            "boot_diagnostics.0.storage_uri": "https://tacaeconsoldiage001.blob.core.windows.net/",
                            "delete_data_disks_on_termination": "true",
                            "delete_os_disk_on_termination": "true",
                            "id": "/subscriptions/349de0f4-29e2-48fe-9cc7-80313a827e26/resourceGroups/RG-HashiCorp-AE/providers/Microsoft.Compute/virtualMachines/CONSULVM0",
                            "location": "australiaeast",
                            "name": "CONSULVM0",
                            "network_interface_ids.#": "1",
                            "network_interface_ids.0": "/subscriptions/349de0f4-29e2-48fe-9cc7-80313a827e26/resourceGroups/RG-HashiCorp-AE/providers/Microsoft.Network/networkInterfaces/CONSULVM0-NIC",
                            "os_profile.#": "1",
                            "os_profile.2057532900.admin_password": "",
                            "os_profile.2057532900.admin_username": "adminuser",
                            "os_profile.2057532900.computer_name": "CONSULVM0",
                            "os_profile.2057532900.custom_data": "",
                            "os_profile_linux_config.#": "1",
                            "os_profile_linux_config.2972667452.disable_password_authentication": "false",
                            "os_profile_linux_config.2972667452.ssh_keys.#": "0",
                            "os_profile_secrets.#": "0",
                            "resource_group_name": "RG-HashiCorp-AE",
                            "storage_data_disk.#": "0",
                            "storage_image_reference.#": "1",
                            "storage_image_reference.363552096.id": "",
                            "storage_image_reference.363552096.offer": "UbuntuServer",
                            "storage_image_reference.363552096.publisher": "Canonical",
                            "storage_image_reference.363552096.sku": "16.04.0-LTS",
                            "storage_image_reference.363552096.version": "latest",
                            "storage_os_disk.#": "1",
                            "storage_os_disk.0.caching": "ReadWrite",
                            "storage_os_disk.0.create_option": "FromImage",
                            "storage_os_disk.0.disk_size_gb": "30",
                            "storage_os_disk.0.image_uri": "",
                            "storage_os_disk.0.managed_disk_id": "/subscriptions/349de0f4-29e2-48fe-9cc7-80313a827e26/resourceGroups/RG-HashiCorp-AE/providers/Microsoft.Compute/disks/CONSULVM0-osdisk",
                            "storage_os_disk.0.managed_disk_type": "Standard_LRS",
                            "storage_os_disk.0.name": "CONSULVM0-osdisk",
                            "storage_os_disk.0.os_type": "Linux",
                            "storage_os_disk.0.vhd_uri": "",
                            "tags.%": "1",
                            "tags.environment": "Production",
                            "vm_size": "Standard_DS1_v2"
                        },
                        "meta": {},
                        "tainted": false
                    },
                    "deposed": [],
                    "provider": "provider.azurerm"
                },
                "azurerm_virtual_machine.armvm.1": {
                    "type": "azurerm_virtual_machine",
                    "depends_on": [
                        "azurerm_availability_set.armav",
                        "azurerm_network_interface.armnic.*",
                        "azurerm_resource_group.armrg",
                        "azurerm_storage_account.armdiag"
                    ],
                    "primary": {
                        "id": "/subscriptions/349de0f4-29e2-48fe-9cc7-80313a827e26/resourceGroups/RG-HashiCorp-AE/providers/Microsoft.Compute/virtualMachines/CONSULVM1",
                        "attributes": {
                            "availability_set_id": "/subscriptions/349de0f4-29e2-48fe-9cc7-80313a827e26/resourcegroups/rg-hashicorp-ae/providers/microsoft.compute/availabilitysets/consulvm-av",
                            "boot_diagnostics.#": "1",
                            "boot_diagnostics.0.enabled": "true",
                            "boot_diagnostics.0.storage_uri": "https://tacaeconsoldiage001.blob.core.windows.net/",
                            "delete_data_disks_on_termination": "true",
                            "delete_os_disk_on_termination": "true",
                            "id": "/subscriptions/349de0f4-29e2-48fe-9cc7-80313a827e26/resourceGroups/RG-HashiCorp-AE/providers/Microsoft.Compute/virtualMachines/CONSULVM1",
                            "location": "australiaeast",
                            "name": "CONSULVM1",
                            "network_interface_ids.#": "1",
                            "network_interface_ids.0": "/subscriptions/349de0f4-29e2-48fe-9cc7-80313a827e26/resourceGroups/RG-HashiCorp-AE/providers/Microsoft.Network/networkInterfaces/CONSULVM1-NIC",
                            "os_profile.#": "1",
                            "os_profile.1673020581.admin_password": "",
                            "os_profile.1673020581.admin_username": "adminuser",
                            "os_profile.1673020581.computer_name": "CONSULVM1",
                            "os_profile.1673020581.custom_data": "",
                            "os_profile_linux_config.#": "1",
                            "os_profile_linux_config.2972667452.disable_password_authentication": "false",
                            "os_profile_linux_config.2972667452.ssh_keys.#": "0",
                            "os_profile_secrets.#": "0",
                            "resource_group_name": "RG-HashiCorp-AE",
                            "storage_data_disk.#": "0",
                            "storage_image_reference.#": "1",
                            "storage_image_reference.363552096.id": "",
                            "storage_image_reference.363552096.offer": "UbuntuServer",
                            "storage_image_reference.363552096.publisher": "Canonical",
                            "storage_image_reference.363552096.sku": "16.04.0-LTS",
                            "storage_image_reference.363552096.version": "latest",
                            "storage_os_disk.#": "1",
                            "storage_os_disk.0.caching": "ReadWrite",
                            "storage_os_disk.0.create_option": "FromImage",
                            "storage_os_disk.0.disk_size_gb": "30",
                            "storage_os_disk.0.image_uri": "",
                            "storage_os_disk.0.managed_disk_id": "/subscriptions/349de0f4-29e2-48fe-9cc7-80313a827e26/resourceGroups/RG-HashiCorp-AE/providers/Microsoft.Compute/disks/CONSULVM1-osdisk",
                            "storage_os_disk.0.managed_disk_type": "Standard_LRS",
                            "storage_os_disk.0.name": "CONSULVM1-osdisk",
                            "storage_os_disk.0.os_type": "Linux",
                            "storage_os_disk.0.vhd_uri": "",
                            "tags.%": "1",
                            "tags.environment": "Production",
                            "vm_size": "Standard_DS1_v2"
                        },
                        "meta": {},
                        "tainted": false
                    },
                    "deposed": [],
                    "provider": "provider.azurerm"
                },
                "azurerm_virtual_machine.armvm.2": {
                    "type": "azurerm_virtual_machine",
                    "depends_on": [
                        "azurerm_availability_set.armav",
                        "azurerm_network_interface.armnic.*",
                        "azurerm_resource_group.armrg",
                        "azurerm_storage_account.armdiag"
                    ],
                    "primary": {
                        "id": "/subscriptions/349de0f4-29e2-48fe-9cc7-80313a827e26/resourceGroups/RG-HashiCorp-AE/providers/Microsoft.Compute/virtualMachines/CONSULVM2",
                        "attributes": {
                            "availability_set_id": "/subscriptions/349de0f4-29e2-48fe-9cc7-80313a827e26/resourcegroups/rg-hashicorp-ae/providers/microsoft.compute/availabilitysets/consulvm-av",
                            "boot_diagnostics.#": "1",
                            "boot_diagnostics.0.enabled": "true",
                            "boot_diagnostics.0.storage_uri": "https://tacaeconsoldiage001.blob.core.windows.net/",
                            "delete_data_disks_on_termination": "true",
                            "delete_os_disk_on_termination": "true",
                            "id": "/subscriptions/349de0f4-29e2-48fe-9cc7-80313a827e26/resourceGroups/RG-HashiCorp-AE/providers/Microsoft.Compute/virtualMachines/CONSULVM2",
                            "location": "australiaeast",
                            "name": "CONSULVM2",
                            "network_interface_ids.#": "1",
                            "network_interface_ids.0": "/subscriptions/349de0f4-29e2-48fe-9cc7-80313a827e26/resourceGroups/RG-HashiCorp-AE/providers/Microsoft.Network/networkInterfaces/CONSULVM2-NIC",
                            "os_profile.#": "1",
                            "os_profile.1217730406.admin_password": "",
                            "os_profile.1217730406.admin_username": "adminuser",
                            "os_profile.1217730406.computer_name": "CONSULVM2",
                            "os_profile.1217730406.custom_data": "",
                            "os_profile_linux_config.#": "1",
                            "os_profile_linux_config.2972667452.disable_password_authentication": "false",
                            "os_profile_linux_config.2972667452.ssh_keys.#": "0",
                            "os_profile_secrets.#": "0",
                            "resource_group_name": "RG-HashiCorp-AE",
                            "storage_data_disk.#": "0",
                            "storage_image_reference.#": "1",
                            "storage_image_reference.363552096.id": "",
                            "storage_image_reference.363552096.offer": "UbuntuServer",
                            "storage_image_reference.363552096.publisher": "Canonical",
                            "storage_image_reference.363552096.sku": "16.04.0-LTS",
                            "storage_image_reference.363552096.version": "latest",
                            "storage_os_disk.#": "1",
                            "storage_os_disk.0.caching": "ReadWrite",
                            "storage_os_disk.0.create_option": "FromImage",
                            "storage_os_disk.0.disk_size_gb": "30",
                            "storage_os_disk.0.image_uri": "",
                            "storage_os_disk.0.managed_disk_id": "/subscriptions/349de0f4-29e2-48fe-9cc7-80313a827e26/resourceGroups/RG-HashiCorp-AE/providers/Microsoft.Compute/disks/CONSULVM2-osdisk",
                            "storage_os_disk.0.managed_disk_type": "Standard_LRS",
                            "storage_os_disk.0.name": "CONSULVM2-osdisk",
                            "storage_os_disk.0.os_type": "Linux",
                            "storage_os_disk.0.vhd_uri": "",
                            "tags.%": "1",
                            "tags.environment": "Production",
                            "vm_size": "Standard_DS1_v2"
                        },
                        "meta": {},
                        "tainted": false
                    },
                    "deposed": [],
                    "provider": "provider.azurerm"
                },
                "azurerm_virtual_machine_extension.armext": {
                    "type": "azurerm_virtual_machine_extension",
                    "depends_on": [
                        "azurerm_network_interface.armnic.*",
                        "azurerm_resource_group.armrg",
                        "azurerm_virtual_machine.armvm"
                    ],
                    "primary": {
                        "id": "/subscriptions/349de0f4-29e2-48fe-9cc7-80313a827e26/resourceGroups/RG-HashiCorp-AE/providers/Microsoft.Compute/virtualMachines/CONSULVM0/extensions/LinuxScriptExtension",
                        "attributes": {
                            "auto_upgrade_minor_version": "false",
                            "id": "/subscriptions/349de0f4-29e2-48fe-9cc7-80313a827e26/resourceGroups/RG-HashiCorp-AE/providers/Microsoft.Compute/virtualMachines/CONSULVM0/extensions/LinuxScriptExtension",
                            "location": "australiaeast",
                            "name": "LinuxScriptExtension",
                            "publisher": "Microsoft.Azure.Extensions",
                            "resource_group_name": "RG-HashiCorp-AE",
                            "settings": "{\"commandToExecute\":\"sudo sh ./consul.sh 3 \",\"fileUris\":[\"https://raw.githubusercontent.com/ryanjhall/tfte/master/scripts/consul.sh\"]}",
                            "tags.%": "1",
                            "tags.environment": "Production",
                            "type": "CustomScript",
                            "type_handler_version": "2.0",
                            "virtual_machine_name": "CONSULVM0"
                        },
                        "meta": {},
                        "tainted": false
                    },
                    "deposed": [],
                    "provider": "provider.azurerm"
                },
                "azurerm_virtual_network.armnetwork": {
                    "type": "azurerm_virtual_network",
                    "depends_on": [
                        "azurerm_resource_group.armrg"
                    ],
                    "primary": {
                        "id": "/subscriptions/349de0f4-29e2-48fe-9cc7-80313a827e26/resourceGroups/RG-HashiCorp-AE/providers/Microsoft.Network/virtualNetworks/Production-vNet",
                        "attributes": {
                            "address_space.#": "1",
                            "address_space.0": "10.0.0.0/16",
                            "dns_servers.#": "0",
                            "id": "/subscriptions/349de0f4-29e2-48fe-9cc7-80313a827e26/resourceGroups/RG-HashiCorp-AE/providers/Microsoft.Network/virtualNetworks/Production-vNet",
                            "location": "australiaeast",
                            "name": "Production-vNet",
                            "resource_group_name": "RG-HashiCorp-AE",
                            "subnet.#": "1",
                            "subnet.1928064891.address_prefix": "10.0.1.0/24",
                            "subnet.1928064891.name": "Default",
                            "subnet.1928064891.security_group": "",
                            "tags.%": "1",
                            "tags.environment": "Production"
                        },
                        "meta": {},
                        "tainted": false
                    },
                    "deposed": [],
                    "provider": "provider.azurerm"
                },
                "random_id.id": {
                    "type": "random_id",
                    "depends_on": [
                        "azurerm_resource_group.armrg"
                    ],
                    "primary": {
                        "id": "3-Pi_ASx5VY",
                        "attributes": {
                            "b64": "3-Pi_ASx5VY",
                            "b64_std": "3+Pi/ASx5VY=",
                            "b64_url": "3-Pi_ASx5VY",
                            "byte_length": "8",
                            "dec": "16132987862209652054",
                            "hex": "dfe3e2fc04b1e556",
                            "id": "3-Pi_ASx5VY",
                            "keepers.%": "1",
                            "keepers.resource_group": "RG-HashiCorp-AE"
                        },
                        "meta": {},
                        "tainted": false
                    },
                    "deposed": [],
                    "provider": "provider.random"
                }
            },
            "depends_on": []
        }
    ]
}
